
Microsoft Visual Studio Solution File, Format Version 12.00
# Visual Studio Version 17
VisualStudioVersion = 17.14.36121.58
MinimumVisualStudioVersion = 10.0.40219.1
Project("{2150E333-8FDC-42A3-9474-1A3956D46DE8}") = "0. StartUp", "0. StartUp", "{36D591C7-65C7-A0D1-1CBC-10CDE441BDC8}"
EndProject
Project("{2150E333-8FDC-42A3-9474-1A3956D46DE8}") = "1. Presentation Layer", "1. Presentation Layer", "{B4D80FBF-7091-4D8A-B5B7-64A57E2675B2}"
EndProject
Project("{2150E333-8FDC-42A3-9474-1A3956D46DE8}") = "2. Business Logic Layer", "2. Business Logic Layer", "{BD68DB97-4FD1-423C-AB52-03ABB375EAA4}"
EndProject
Project("{2150E333-8FDC-42A3-9474-1A3956D46DE8}") = "_Infrastructure", "_Infrastructure", "{FDCA8567-1C9B-4182-B06A-BB66B862E28E}"
EndProject
Project("{2150E333-8FDC-42A3-9474-1A3956D46DE8}") = "3. Data Access Layer", "3. Data Access Layer", "{AEE5C561-F3BA-4CAD-BA4C-06DB061DE8A1}"
EndProject
Project("{FAE04EC0-301F-11D3-BF4B-00C04F79EFBC}") = "DataBaseManagerUi", "DataBaseManagerUi\DataBaseManagerUi.csproj", "{88649E20-5ED3-43E3-B197-6EE267A798BF}"
EndProject
Project("{FAE04EC0-301F-11D3-BF4B-00C04F79EFBC}") = "DataBaseManager.AppService", "DataBaseManager.AppService\DataBaseManager.AppService.csproj", "{3BBD9CD4-D9BD-4F21-B27E-731E68D186A4}"
EndProject
Project("{FAE04EC0-301F-11D3-BF4B-00C04F79EFBC}") = "DataBaseManager.AppService.Contracts", "DataBaseManager.AppService.Contracts\DataBaseManager.AppService.Contracts.csproj", "{D9B4B981-3C9D-4145-B559-6EC354FB5CDE}"
EndProject
Project("{FAE04EC0-301F-11D3-BF4B-00C04F79EFBC}") = "DataBaseManager.CrossCutting", "DataBaseManager.CrossCutting\DataBaseManager.CrossCutting.csproj", "{F2C6D83B-EF42-49C3-BBDA-2808E88C22FD}"
EndProject
Project("{FAE04EC0-301F-11D3-BF4B-00C04F79EFBC}") = "DataBaseManager.DataAccess", "DataBaseManager.DataAccess\DataBaseManager.DataAccess.csproj", "{B8787C36-9947-49AB-8C22-9D898A942222}"
EndProject
Project("{FAE04EC0-301F-11D3-BF4B-00C04F79EFBC}") = "DataBaseManager.DataAccess.Contracts", "DataBaseManager.DataAccess.Contracts\DataBaseManager.DataAccess.Contracts.csproj", "{61B2248A-1015-4C71-93A5-C14103DB9C3F}"
EndProject
Project("{2150E333-8FDC-42A3-9474-1A3956D46DE8}") = "4. Core", "4. Core", "{DF0AD77B-5FF9-43EC-A5DA-CA5043E013D0}"
EndProject
Project("{FAE04EC0-301F-11D3-BF4B-00C04F79EFBC}") = "DataBaseManager", "DataBaseManager\DataBaseManager.csproj", "{C345442F-F48B-4644-9D07-84134C00D96B}"
EndProject
Project("{FAE04EC0-301F-11D3-BF4B-00C04F79EFBC}") = "DataBaseManager.Core", "DataBaseManager.Core\DataBaseManager.Core.csproj", "{9C61E964-EB6E-4540-AEBD-415A3F9B095E}"
EndProject
Global
	GlobalSection(SolutionConfigurationPlatforms) = preSolution
		Debug|Any CPU = Debug|Any CPU
		Release|Any CPU = Release|Any CPU
	EndGlobalSection
	GlobalSection(ProjectConfigurationPlatforms) = postSolution
		{88649E20-5ED3-43E3-B197-6EE267A798BF}.Debug|Any CPU.ActiveCfg = Debug|Any CPU
		{88649E20-5ED3-43E3-B197-6EE267A798BF}.Debug|Any CPU.Build.0 = Debug|Any CPU
		{88649E20-5ED3-43E3-B197-6EE267A798BF}.Release|Any CPU.ActiveCfg = Release|Any CPU
		{88649E20-5ED3-43E3-B197-6EE267A798BF}.Release|Any CPU.Build.0 = Release|Any CPU
		{3BBD9CD4-D9BD-4F21-B27E-731E68D186A4}.Debug|Any CPU.ActiveCfg = Debug|Any CPU
		{3BBD9CD4-D9BD-4F21-B27E-731E68D186A4}.Debug|Any CPU.Build.0 = Debug|Any CPU
		{3BBD9CD4-D9BD-4F21-B27E-731E68D186A4}.Release|Any CPU.ActiveCfg = Release|Any CPU
		{3BBD9CD4-D9BD-4F21-B27E-731E68D186A4}.Release|Any CPU.Build.0 = Release|Any CPU
		{D9B4B981-3C9D-4145-B559-6EC354FB5CDE}.Debug|Any CPU.ActiveCfg = Debug|Any CPU
		{D9B4B981-3C9D-4145-B559-6EC354FB5CDE}.Debug|Any CPU.Build.0 = Debug|Any CPU
		{D9B4B981-3C9D-4145-B559-6EC354FB5CDE}.Release|Any CPU.ActiveCfg = Release|Any CPU
		{D9B4B981-3C9D-4145-B559-6EC354FB5CDE}.Release|Any CPU.Build.0 = Release|Any CPU
		{F2C6D83B-EF42-49C3-BBDA-2808E88C22FD}.Debug|Any CPU.ActiveCfg = Debug|Any CPU
		{F2C6D83B-EF42-49C3-BBDA-2808E88C22FD}.Debug|Any CPU.Build.0 = Debug|Any CPU
		{F2C6D83B-EF42-49C3-BBDA-2808E88C22FD}.Release|Any CPU.ActiveCfg = Release|Any CPU
		{F2C6D83B-EF42-49C3-BBDA-2808E88C22FD}.Release|Any CPU.Build.0 = Release|Any CPU
		{B8787C36-9947-49AB-8C22-9D898A942222}.Debug|Any CPU.ActiveCfg = Debug|Any CPU
		{B8787C36-9947-49AB-8C22-9D898A942222}.Debug|Any CPU.Build.0 = Debug|Any CPU
		{B8787C36-9947-49AB-8C22-9D898A942222}.Release|Any CPU.ActiveCfg = Release|Any CPU
		{B8787C36-9947-49AB-8C22-9D898A942222}.Release|Any CPU.Build.0 = Release|Any CPU
		{61B2248A-1015-4C71-93A5-C14103DB9C3F}.Debug|Any CPU.ActiveCfg = Debug|Any CPU
		{61B2248A-1015-4C71-93A5-C14103DB9C3F}.Debug|Any CPU.Build.0 = Debug|Any CPU
		{61B2248A-1015-4C71-93A5-C14103DB9C3F}.Release|Any CPU.ActiveCfg = Release|Any CPU
		{61B2248A-1015-4C71-93A5-C14103DB9C3F}.Release|Any CPU.Build.0 = Release|Any CPU
		{C345442F-F48B-4644-9D07-84134C00D96B}.Debug|Any CPU.ActiveCfg = Debug|Any CPU
		{C345442F-F48B-4644-9D07-84134C00D96B}.Debug|Any CPU.Build.0 = Debug|Any CPU
		{C345442F-F48B-4644-9D07-84134C00D96B}.Release|Any CPU.ActiveCfg = Release|Any CPU
		{C345442F-F48B-4644-9D07-84134C00D96B}.Release|Any CPU.Build.0 = Release|Any CPU
		{9C61E964-EB6E-4540-AEBD-415A3F9B095E}.Debug|Any CPU.ActiveCfg = Debug|Any CPU
		{9C61E964-EB6E-4540-AEBD-415A3F9B095E}.Debug|Any CPU.Build.0 = Debug|Any CPU
		{9C61E964-EB6E-4540-AEBD-415A3F9B095E}.Release|Any CPU.ActiveCfg = Release|Any CPU
		{9C61E964-EB6E-4540-AEBD-415A3F9B095E}.Release|Any CPU.Build.0 = Release|Any CPU
	EndGlobalSection
	GlobalSection(SolutionProperties) = preSolution
		HideSolutionNode = FALSE
	EndGlobalSection
	GlobalSection(NestedProjects) = preSolution
		{88649E20-5ED3-43E3-B197-6EE267A798BF} = {B4D80FBF-7091-4D8A-B5B7-64A57E2675B2}
		{3BBD9CD4-D9BD-4F21-B27E-731E68D186A4} = {BD68DB97-4FD1-423C-AB52-03ABB375EAA4}
		{D9B4B981-3C9D-4145-B559-6EC354FB5CDE} = {BD68DB97-4FD1-423C-AB52-03ABB375EAA4}
		{F2C6D83B-EF42-49C3-BBDA-2808E88C22FD} = {FDCA8567-1C9B-4182-B06A-BB66B862E28E}
		{B8787C36-9947-49AB-8C22-9D898A942222} = {AEE5C561-F3BA-4CAD-BA4C-06DB061DE8A1}
		{61B2248A-1015-4C71-93A5-C14103DB9C3F} = {AEE5C561-F3BA-4CAD-BA4C-06DB061DE8A1}
		{C345442F-F48B-4644-9D07-84134C00D96B} = {36D591C7-65C7-A0D1-1CBC-10CDE441BDC8}
		{9C61E964-EB6E-4540-AEBD-415A3F9B095E} = {DF0AD77B-5FF9-43EC-A5DA-CA5043E013D0}
	EndGlobalSection
	GlobalSection(ExtensibilityGlobals) = postSolution
		SolutionGuid = {D9A26A5C-8036-461A-8DAE-D4EE829A85C3}
	EndGlobalSection
EndGlobal
