
Microsoft Visual Studio Solution File, Format Version 12.00
# Visual Studio Version 17
VisualStudioVersion = 17.14.36121.58
MinimumVisualStudioVersion = 10.0.40219.1
Project("{FAE04EC0-301F-11D3-BF4B-00C04F79EFBC}") = "protoSingleDlg", "protoSingleDlg\protoSingleDlg.csproj", "{3A228F28-062C-4492-9FEA-32489391E7AB}"
EndProject
Project("{2150E333-8FDC-42A3-9474-1A3956D46DE8}") = "0. Core", "0. Core", "{36D591C7-65C7-A0D1-1CBC-10CDE441BDC8}"
EndProject
Project("{FAE04EC0-301F-11D3-BF4B-00C04F79EFBC}") = "PresentationLayerSingleDlg", "PresentationLayerSingleDlg\PresentationLayerSingleDlg.csproj", "{DBA121C5-53EC-6776-C741-22FC7D0D765B}"
EndProject
Project("{FAE04EC0-301F-11D3-BF4B-00C04F79EFBC}") = "AppServiceLayerSingleDlg", "AppServiceLayerSingleDlg\AppServiceLayerSingleDlg.csproj", "{B7D4F319-7B80-4419-A354-239A5EED701D}"
EndProject
Global
	GlobalSection(SolutionConfigurationPlatforms) = preSolution
		Debug|Any CPU = Debug|Any CPU
		Release|Any CPU = Release|Any CPU
	EndGlobalSection
	GlobalSection(ProjectConfigurationPlatforms) = postSolution
		{3A228F28-062C-4492-9FEA-32489391E7AB}.Debug|Any CPU.ActiveCfg = Debug|Any CPU
		{3A228F28-062C-4492-9FEA-32489391E7AB}.Debug|Any CPU.Build.0 = Debug|Any CPU
		{3A228F28-062C-4492-9FEA-32489391E7AB}.Release|Any CPU.ActiveCfg = Release|Any CPU
		{3A228F28-062C-4492-9FEA-32489391E7AB}.Release|Any CPU.Build.0 = Release|Any CPU
		{DBA121C5-53EC-6776-C741-22FC7D0D765B}.Debug|Any CPU.ActiveCfg = Debug|Any CPU
		{DBA121C5-53EC-6776-C741-22FC7D0D765B}.Debug|Any CPU.Build.0 = Debug|Any CPU
		{DBA121C5-53EC-6776-C741-22FC7D0D765B}.Release|Any CPU.ActiveCfg = Release|Any CPU
		{DBA121C5-53EC-6776-C741-22FC7D0D765B}.Release|Any CPU.Build.0 = Release|Any CPU
		{B7D4F319-7B80-4419-A354-239A5EED701D}.Debug|Any CPU.ActiveCfg = Debug|Any CPU
		{B7D4F319-7B80-4419-A354-239A5EED701D}.Debug|Any CPU.Build.0 = Debug|Any CPU
		{B7D4F319-7B80-4419-A354-239A5EED701D}.Release|Any CPU.ActiveCfg = Release|Any CPU
		{B7D4F319-7B80-4419-A354-239A5EED701D}.Release|Any CPU.Build.0 = Release|Any CPU
	EndGlobalSection
	GlobalSection(SolutionProperties) = preSolution
		HideSolutionNode = FALSE
	EndGlobalSection
	GlobalSection(NestedProjects) = preSolution
		{3A228F28-062C-4492-9FEA-32489391E7AB} = {36D591C7-65C7-A0D1-1CBC-10CDE441BDC8}
	EndGlobalSection
	GlobalSection(ExtensibilityGlobals) = postSolution
		SolutionGuid = {D9A26A5C-8036-461A-8DAE-D4EE829A85C3}
	EndGlobalSection
EndGlobal
